
Microsoft Visual Studio Solution File, Format Version 12.00
# Visual Studio Version 16
VisualStudioVersion = 16.0.30804.86
MinimumVisualStudioVersion = 10.0.40219.1
Project("{FAE04EC0-301F-11D3-BF4B-00C04F79EFBC}") = "PatternObserver", "PatternObserver\PatternObserver.csproj", "{97294D23-31BF-4287-A015-CF7EEAAF87CB}"
EndProject
Global
	GlobalSection(SolutionConfigurationPlatforms) = preSolution
		Debug|Any CPU = Debug|Any CPU
		Release|Any CPU = Release|Any CPU
	EndGlobalSection
	GlobalSection(ProjectConfigurationPlatforms) = postSolution
		{97294D23-31BF-4287-A015-CF7EEAAF87CB}.Debug|Any CPU.ActiveCfg = Debug|Any CPU
		{97294D23-31BF-4287-A015-CF7EEAAF87CB}.Debug|Any CPU.Build.0 = Debug|Any CPU
		{97294D23-31BF-4287-A015-CF7EEAAF87CB}.Release|Any CPU.ActiveCfg = Release|Any CPU
		{97294D23-31BF-4287-A015-CF7EEAAF87CB}.Release|Any CPU.Build.0 = Release|Any CPU
	EndGlobalSection
	GlobalSection(SolutionProperties) = preSolution
		HideSolutionNode = FALSE
	EndGlobalSection
	GlobalSection(ExtensibilityGlobals) = postSolution
		SolutionGuid = {0C8CBBD8-9B8C-43AF-A1E9-E067F32D7401}
	EndGlobalSection
EndGlobal
